
Microsoft Visual Studio Solution File, Format Version 12.00
# Visual Studio Version 16
VisualStudioVersion = 16.0.31727.386
MinimumVisualStudioVersion = 10.0.40219.1
Project("{9A19103F-16F7-4668-BE54-9A1E7A4F7556}") = "GoldApplication.WebAPI", "GoldApplication.WebAPI\GoldApplication.WebAPI.csproj", "{B49AC0D8-00F0-4C90-A040-42209C871C7E}"
EndProject
Global
	GlobalSection(SolutionConfigurationPlatforms) = preSolution
		Debug|Any CPU = Debug|Any CPU
		Release|Any CPU = Release|Any CPU
	EndGlobalSection
	GlobalSection(ProjectConfigurationPlatforms) = postSolution
		{B49AC0D8-00F0-4C90-A040-42209C871C7E}.Debug|Any CPU.ActiveCfg = Debug|Any CPU
		{B49AC0D8-00F0-4C90-A040-42209C871C7E}.Debug|Any CPU.Build.0 = Debug|Any CPU
		{B49AC0D8-00F0-4C90-A040-42209C871C7E}.Release|Any CPU.ActiveCfg = Release|Any CPU
		{B49AC0D8-00F0-4C90-A040-42209C871C7E}.Release|Any CPU.Build.0 = Release|Any CPU
	EndGlobalSection
	GlobalSection(SolutionProperties) = preSolution
		HideSolutionNode = FALSE
	EndGlobalSection
	GlobalSection(ExtensibilityGlobals) = postSolution
		SolutionGuid = {581D39CC-A4E7-4379-A14D-79A3C4764D6B}
	EndGlobalSection
EndGlobal
